
Microsoft Visual Studio Solution File, Format Version 12.00
# Visual Studio Version 17
VisualStudioVersion = 17.6.33801.468
MinimumVisualStudioVersion = 10.0.40219.1
Project("{FAE04EC0-301F-11D3-BF4B-00C04F79EFBC}") = "MenuGeneral", "MenuGeneral.\MenuGeneral.csproj", "{F2CF6090-7C17-48B3-984F-31C173760A1A}"
EndProject
Global
	GlobalSection(SolutionConfigurationPlatforms) = preSolution
		Debug|Any CPU = Debug|Any CPU
		Release|Any CPU = Release|Any CPU
	EndGlobalSection
	GlobalSection(ProjectConfigurationPlatforms) = postSolution
		{F2CF6090-7C17-48B3-984F-31C173760A1A}.Debug|Any CPU.ActiveCfg = Debug|Any CPU
		{F2CF6090-7C17-48B3-984F-31C173760A1A}.Debug|Any CPU.Build.0 = Debug|Any CPU
		{F2CF6090-7C17-48B3-984F-31C173760A1A}.Release|Any CPU.ActiveCfg = Release|Any CPU
		{F2CF6090-7C17-48B3-984F-31C173760A1A}.Release|Any CPU.Build.0 = Release|Any CPU
	EndGlobalSection
	GlobalSection(SolutionProperties) = preSolution
		HideSolutionNode = FALSE
	EndGlobalSection
	GlobalSection(ExtensibilityGlobals) = postSolution
		SolutionGuid = {430D9023-919C-4AD8-994C-52DF721C9D2D}
	EndGlobalSection
EndGlobal
