
Microsoft Visual Studio Solution File, Format Version 12.00
# Visual Studio Version 17
VisualStudioVersion = 17.6.33815.320
MinimumVisualStudioVersion = 10.0.40219.1
Project("{FAE04EC0-301F-11D3-BF4B-00C04F79EFBC}") = "WAPIHolaMundo", "WAPIHolaMundo\WAPIHolaMundo.csproj", "{47D77462-B44A-4C2C-8D12-1CC6079C3604}"
EndProject
Global
	GlobalSection(SolutionConfigurationPlatforms) = preSolution
		Debug|Any CPU = Debug|Any CPU
		Release|Any CPU = Release|Any CPU
	EndGlobalSection
	GlobalSection(ProjectConfigurationPlatforms) = postSolution
		{47D77462-B44A-4C2C-8D12-1CC6079C3604}.Debug|Any CPU.ActiveCfg = Debug|Any CPU
		{47D77462-B44A-4C2C-8D12-1CC6079C3604}.Debug|Any CPU.Build.0 = Debug|Any CPU
		{47D77462-B44A-4C2C-8D12-1CC6079C3604}.Release|Any CPU.ActiveCfg = Release|Any CPU
		{47D77462-B44A-4C2C-8D12-1CC6079C3604}.Release|Any CPU.Build.0 = Release|Any CPU
	EndGlobalSection
	GlobalSection(SolutionProperties) = preSolution
		HideSolutionNode = FALSE
	EndGlobalSection
	GlobalSection(ExtensibilityGlobals) = postSolution
		SolutionGuid = {FADB39ED-3E6B-4BF4-8AF3-33C494F0C910}
	EndGlobalSection
EndGlobal
