
Microsoft Visual Studio Solution File, Format Version 12.00
# Visual Studio Version 17
VisualStudioVersion = 17.6.33801.468
MinimumVisualStudioVersion = 10.0.40219.1
Project("{FAE04EC0-301F-11D3-BF4B-00C04F79EFBC}") = "CRUDEstados", "CRUDEstados\CRUDEstados.csproj", "{085BCD6A-3AB4-4BEB-8783-11B1FF018E22}"
EndProject
Global
	GlobalSection(SolutionConfigurationPlatforms) = preSolution
		Debug|Any CPU = Debug|Any CPU
		Release|Any CPU = Release|Any CPU
	EndGlobalSection
	GlobalSection(ProjectConfigurationPlatforms) = postSolution
		{085BCD6A-3AB4-4BEB-8783-11B1FF018E22}.Debug|Any CPU.ActiveCfg = Debug|Any CPU
		{085BCD6A-3AB4-4BEB-8783-11B1FF018E22}.Debug|Any CPU.Build.0 = Debug|Any CPU
		{085BCD6A-3AB4-4BEB-8783-11B1FF018E22}.Release|Any CPU.ActiveCfg = Release|Any CPU
		{085BCD6A-3AB4-4BEB-8783-11B1FF018E22}.Release|Any CPU.Build.0 = Release|Any CPU
	EndGlobalSection
	GlobalSection(SolutionProperties) = preSolution
		HideSolutionNode = FALSE
	EndGlobalSection
	GlobalSection(ExtensibilityGlobals) = postSolution
		SolutionGuid = {6C59E972-6AEB-4A00-947A-011C08280156}
	EndGlobalSection
EndGlobal
