
Microsoft Visual Studio Solution File, Format Version 12.00
# Visual Studio Version 17
VisualStudioVersion = 17.6.33815.320
MinimumVisualStudioVersion = 10.0.40219.1
Project("{FAE04EC0-301F-11D3-BF4B-00C04F79EFBC}") = "MVC_Razor_EF", "MVC_Razor_EF\MVC_Razor_EF.csproj", "{926561A2-D1C2-484C-BE25-60BE46D9789F}"
EndProject
Global
	GlobalSection(SolutionConfigurationPlatforms) = preSolution
		Debug|Any CPU = Debug|Any CPU
		Release|Any CPU = Release|Any CPU
	EndGlobalSection
	GlobalSection(ProjectConfigurationPlatforms) = postSolution
		{926561A2-D1C2-484C-BE25-60BE46D9789F}.Debug|Any CPU.ActiveCfg = Debug|Any CPU
		{926561A2-D1C2-484C-BE25-60BE46D9789F}.Debug|Any CPU.Build.0 = Debug|Any CPU
		{926561A2-D1C2-484C-BE25-60BE46D9789F}.Release|Any CPU.ActiveCfg = Release|Any CPU
		{926561A2-D1C2-484C-BE25-60BE46D9789F}.Release|Any CPU.Build.0 = Release|Any CPU
	EndGlobalSection
	GlobalSection(SolutionProperties) = preSolution
		HideSolutionNode = FALSE
	EndGlobalSection
	GlobalSection(ExtensibilityGlobals) = postSolution
		SolutionGuid = {28A32D3B-7A48-4760-B2AC-E802B20533F2}
	EndGlobalSection
EndGlobal
