
Microsoft Visual Studio Solution File, Format Version 12.00
# Visual Studio Version 17
VisualStudioVersion = 17.6.33801.468
MinimumVisualStudioVersion = 10.0.40219.1
Project("{FAE04EC0-301F-11D3-BF4B-00C04F79EFBC}") = "HolaMundo", "HolaMundo\HolaMundo.csproj", "{B6E197AF-2D58-4F56-804F-8522AFFC1EED}"
EndProject
Global
	GlobalSection(SolutionConfigurationPlatforms) = preSolution
		Debug|Any CPU = Debug|Any CPU
		Release|Any CPU = Release|Any CPU
	EndGlobalSection
	GlobalSection(ProjectConfigurationPlatforms) = postSolution
		{B6E197AF-2D58-4F56-804F-8522AFFC1EED}.Debug|Any CPU.ActiveCfg = Debug|Any CPU
		{B6E197AF-2D58-4F56-804F-8522AFFC1EED}.Debug|Any CPU.Build.0 = Debug|Any CPU
		{B6E197AF-2D58-4F56-804F-8522AFFC1EED}.Release|Any CPU.ActiveCfg = Release|Any CPU
		{B6E197AF-2D58-4F56-804F-8522AFFC1EED}.Release|Any CPU.Build.0 = Release|Any CPU
	EndGlobalSection
	GlobalSection(SolutionProperties) = preSolution
		HideSolutionNode = FALSE
	EndGlobalSection
	GlobalSection(ExtensibilityGlobals) = postSolution
		SolutionGuid = {E92F4EA3-59D0-4326-9807-FE5DAFDE8D19}
	EndGlobalSection
EndGlobal
