
Microsoft Visual Studio Solution File, Format Version 12.00
# Visual Studio Version 17
VisualStudioVersion = 17.6.33815.320
MinimumVisualStudioVersion = 10.0.40219.1
Project("{FAE04EC0-301F-11D3-BF4B-00C04F79EFBC}") = "EstatusAlumnosWF", "EstatusAlumnosWF\EstatusAlumnosWF.csproj", "{79EA3D87-D701-4B57-A357-DE8242951F87}"
EndProject
Global
	GlobalSection(SolutionConfigurationPlatforms) = preSolution
		Debug|Any CPU = Debug|Any CPU
		Release|Any CPU = Release|Any CPU
	EndGlobalSection
	GlobalSection(ProjectConfigurationPlatforms) = postSolution
		{79EA3D87-D701-4B57-A357-DE8242951F87}.Debug|Any CPU.ActiveCfg = Debug|Any CPU
		{79EA3D87-D701-4B57-A357-DE8242951F87}.Debug|Any CPU.Build.0 = Debug|Any CPU
		{79EA3D87-D701-4B57-A357-DE8242951F87}.Release|Any CPU.ActiveCfg = Release|Any CPU
		{79EA3D87-D701-4B57-A357-DE8242951F87}.Release|Any CPU.Build.0 = Release|Any CPU
	EndGlobalSection
	GlobalSection(SolutionProperties) = preSolution
		HideSolutionNode = FALSE
	EndGlobalSection
	GlobalSection(ExtensibilityGlobals) = postSolution
		SolutionGuid = {28F39731-905E-413F-83B8-2FF5FA67BC36}
	EndGlobalSection
EndGlobal
