
Microsoft Visual Studio Solution File, Format Version 12.00
# Visual Studio Version 17
VisualStudioVersion = 17.6.33815.320
MinimumVisualStudioVersion = 10.0.40219.1
Project("{FAE04EC0-301F-11D3-BF4B-00C04F79EFBC}") = "Razor", "Razor\Razor.csproj", "{F4A9C357-2617-4F16-94CC-96D6713D36BA}"
EndProject
Global
	GlobalSection(SolutionConfigurationPlatforms) = preSolution
		Debug|Any CPU = Debug|Any CPU
		Release|Any CPU = Release|Any CPU
	EndGlobalSection
	GlobalSection(ProjectConfigurationPlatforms) = postSolution
		{F4A9C357-2617-4F16-94CC-96D6713D36BA}.Debug|Any CPU.ActiveCfg = Debug|Any CPU
		{F4A9C357-2617-4F16-94CC-96D6713D36BA}.Debug|Any CPU.Build.0 = Debug|Any CPU
		{F4A9C357-2617-4F16-94CC-96D6713D36BA}.Release|Any CPU.ActiveCfg = Release|Any CPU
		{F4A9C357-2617-4F16-94CC-96D6713D36BA}.Release|Any CPU.Build.0 = Release|Any CPU
	EndGlobalSection
	GlobalSection(SolutionProperties) = preSolution
		HideSolutionNode = FALSE
	EndGlobalSection
	GlobalSection(ExtensibilityGlobals) = postSolution
		SolutionGuid = {FD606957-0347-4E1C-86EF-B8D0CCEF939A}
	EndGlobalSection
EndGlobal
